<?xml version="1.0" encoding="utf-8"?>
<Project ToolsVersion="4.0" xmlns="http://schemas.microsoft.com/developer/msbuild/2003">
  <ItemGroup>
    <Filter Include="Source Files">
      <UniqueIdentifier>{4FC737F1-C7A5-4376-A066-2A32D752A2FF}</UniqueIdentifier>
      <Extensions>cpp;c;cc;cxx;c++;cppm;ixx;def;odl;idl;hpj;bat;asm;asmx</Extensions>
    </Filter>
    <Filter Include="Resource Files">
      <UniqueIdentifier>{67DA6AB6-F800-4c08-8B7A-83BB121AAD01}</UniqueIdentifier>
      <Extensions>rc;ico;cur;bmp;dlg;rc2;rct;bin;rgs;gif;jpg;jpeg;jpe;resx;tiff;tif;png;wav;mfcribbon-ms</Extensions>
    </Filter>
  </ItemGroup>
  <ItemGroup>
    <ClCompile Include="Main.cpp">
      <Filter>Source Files</Filter>
    </ClCompile>
    <ClCompile Include="Application\ApplicationBase\ApplicationBase.cpp">
      <Filter>Source Files</Filter>
    </ClCompile>
    <ClCompile Include="Application\EditorApplication\EditorApplication.cpp">
      <Filter>Source Files</Filter>
    </ClCompile>
    <ClCompile Include="Application\GameApplication\GameApplication.cpp">
      <Filter>Source Files</Filter>
    </ClCompile>
    <ClCompile Include="Entity\Entity.cpp">
      <Filter>Source Files</Filter>
    </ClCompile>
    <ClCompile Include="Library\ImGuiWrapper.cpp">
      <Filter>Source Files</Filter>
    </ClCompile>
    <ClCompile Include="Library\ImGui\backends\imgui_impl_dx11.cpp">
      <Filter>Source Files</Filter>
    </ClCompile>
    <ClCompile Include="Library\ImGui\backends\imgui_impl_win32.cpp">
      <Filter>Source Files</Filter>
    </ClCompile>
    <ClCompile Include="Library\ImGui\imgui.cpp">
      <Filter>Source Files</Filter>
    </ClCompile>
    <ClCompile Include="Library\ImGui\imgui_demo.cpp">
      <Filter>Source Files</Filter>
    </ClCompile>
    <ClCompile Include="Library\ImGui\imgui_draw.cpp">
      <Filter>Source Files</Filter>
    </ClCompile>
    <ClCompile Include="Library\ImGui\imgui_tables.cpp">
      <Filter>Source Files</Filter>
    </ClCompile>
    <ClCompile Include="Library\ImGui\imgui_widgets.cpp">
      <Filter>Source Files</Filter>
    </ClCompile>
    <ClCompile Include="Component\Component.cpp">
      <Filter>Source Files</Filter>
    </ClCompile>
    <ClCompile Include="Component\SpriteRenderer\SpriteRenderer.cpp">
      <Filter>Source Files</Filter>
    </ClCompile>
    <ClCompile Include="Component\Transform\Transform.cpp">
      <Filter>Source Files</Filter>
    </ClCompile>
    <ClCompile Include="EntityContainer\EntityContainer.cpp">
      <Filter>Source Files</Filter>
    </ClCompile>
  </ItemGroup>
  <ItemGroup>
    <ClInclude Include="Application\ApplicationBase\ApplicationBase.h" />
    <ClInclude Include="Application\ApplicationBase\EditorApplicationParam.h" />
    <ClInclude Include="Application\EditorApplication\EditorApplication.h" />
    <ClInclude Include="Application\GameApplication\GameApplication.h" />
    <ClInclude Include="Entity\Entity.h" />
    <ClInclude Include="Library\ImGuiWrapper.h" />
    <ClInclude Include="Library\ImGui\backends\imgui_impl_dx11.h" />
    <ClInclude Include="Library\ImGui\backends\imgui_impl_win32.h" />
    <ClInclude Include="Library\ImGui\imconfig.h" />
    <ClInclude Include="Library\ImGui\imgui.h" />
    <ClInclude Include="Library\ImGui\imgui_internal.h" />
    <ClInclude Include="Library\ImGui\imstb_rectpack.h" />
    <ClInclude Include="Library\ImGui\imstb_textedit.h" />
    <ClInclude Include="Library\ImGui\imstb_truetype.h" />
    <ClInclude Include="Component\Component.h" />
    <ClInclude Include="Component\SpriteRenderer\SpriteRenderer.h" />
    <ClInclude Include="Component\Transform\Transform.h" />
    <ClInclude Include="EntityContainer\EntityContainer.h" />
    <ClInclude Include="Vector2\Vector2.h" />
  </ItemGroup>
  <ItemGroup>
    <None Include="packages.config" />
  </ItemGroup>
</Project>